
Microsoft Visual Studio Solution File, Format Version 12.00
# Visual Studio 15
VisualStudioVersion = 15.0.27703.2026
MinimumVisualStudioVersion = 10.0.40219.1
Project("{9A19103F-16F7-4668-BE54-9A1E7A4F7556}") = "WebApplication3", "WebApplication3\WebApplication3.csproj", "{B78E74BA-C2D1-414A-AF62-E7BD992E3EA3}"
EndProject
Global
	GlobalSection(SolutionConfigurationPlatforms) = preSolution
		Debug|Any CPU = Debug|Any CPU
		Release|Any CPU = Release|Any CPU
	EndGlobalSection
	GlobalSection(ProjectConfigurationPlatforms) = postSolution
		{B78E74BA-C2D1-414A-AF62-E7BD992E3EA3}.Debug|Any CPU.ActiveCfg = Debug|Any CPU
		{B78E74BA-C2D1-414A-AF62-E7BD992E3EA3}.Debug|Any CPU.Build.0 = Debug|Any CPU
		{B78E74BA-C2D1-414A-AF62-E7BD992E3EA3}.Release|Any CPU.ActiveCfg = Release|Any CPU
		{B78E74BA-C2D1-414A-AF62-E7BD992E3EA3}.Release|Any CPU.Build.0 = Release|Any CPU
	EndGlobalSection
	GlobalSection(SolutionProperties) = preSolution
		HideSolutionNode = FALSE
	EndGlobalSection
	GlobalSection(ExtensibilityGlobals) = postSolution
		SolutionGuid = {BF994CB0-DF8B-44ED-AC20-4503A4480A2C}
	EndGlobalSection
EndGlobal
